<?xml version="1.0" encoding="UTF-8"?>
<Scheme
   LastUpgradeVersion = "0640"
   version = "1.3">
   <BuildAction
      parallelizeBuildables = "YES"
      buildImplicitDependencies = "YES">
      <BuildActionEntries>
         <BuildActionEntry
            buildForTesting = "YES"
            buildForRunning = "YES"
            buildForProfiling = "YES"
            buildForArchiving = "YES"
            buildForAnalyzing = "YES">
            <BuildableReference
               BuildableIdentifier = "primary"
               BlueprintIdentifier = "6FFD678D1A763D8E0084A14A"
               BuildableName = "FilGoalIOS WatchKit App.app"
               BlueprintName = "FilGoalIOS WatchKit App"
               ReferencedContainer = "container:FilGoalIOS.xcodeproj">
            </BuildableReference>
         </BuildActionEntry>
         <BuildActionEntry
            buildForTesting = "YES"
            buildForRunning = "YES"
            buildForProfiling = "YES"
            buildForArchiving = "YES"
            buildForAnalyzing = "YES">
            <BuildableReference
               BuildableIdentifier = "primary"
               BlueprintIdentifier = "524522CF18F170E200D05ECF"
               BuildableName = "FilGoalIOS.app"
               BlueprintName = "FilGoalIOS"
               ReferencedContainer = "container:FilGoalIOS.xcodeproj">
            </BuildableReference>
         </BuildActionEntry>
         <BuildActionEntry
            buildForTesting = "YES"
            buildForRunning = "YES"
            buildForProfiling = "YES"
            buildForArchiving = "YES"
            buildForAnalyzing = "YES">
            <BuildableReference
               BuildableIdentifier = "primary"
               BlueprintIdentifier = "6FFD677E1A763D8E0084A14A"
               BuildableName = "FilGoalIOS WatchKit Extension.appex"
               BlueprintName = "FilGoalIOS WatchKit Extension"
               ReferencedContainer = "container:FilGoalIOS.xcodeproj">
            </BuildableReference>
         </BuildActionEntry>
      </BuildActionEntries>
   </BuildAction>
   <TestAction
      selectedDebuggerIdentifier = "Xcode.DebuggerFoundation.Debugger.LLDB"
      selectedLauncherIdentifier = "Xcode.DebuggerFoundation.Launcher.LLDB"
      shouldUseLaunchSchemeArgsEnv = "YES"
      buildConfiguration = "Release">
      <Testables>
      </Testables>
      <MacroExpansion>
         <BuildableReference
            BuildableIdentifier = "primary"
            BlueprintIdentifier = "6FFD678D1A763D8E0084A14A"
            BuildableName = "FilGoalIOS WatchKit App.app"
            BlueprintName = "FilGoalIOS WatchKit App"
            ReferencedContainer = "container:FilGoalIOS.xcodeproj">
         </BuildableReference>
      </MacroExpansion>
   </TestAction>
   <LaunchAction
      selectedDebuggerIdentifier = "Xcode.DebuggerFoundation.Debugger.LLDB"
      selectedLauncherIdentifier = "Xcode.DebuggerFoundation.Launcher.LLDB"
      launchStyle = "0"
      useCustomWorkingDirectory = "NO"
      buildConfiguration = "Release"
      ignoresPersistentStateOnLaunch = "NO"
      debugDocumentVersioning = "YES"
      allowLocationSimulation = "YES">
      <RemoteRunnable
         runnableDebuggingMode = "2"
         BundleIdentifier = "com.apple.springboard"
         RemotePath = "/FilGoalIOS">
         <BuildableReference
            BuildableIdentifier = "primary"
            BlueprintIdentifier = "6FFD678D1A763D8E0084A14A"
            BuildableName = "FilGoalIOS WatchKit App.app"
            BlueprintName = "FilGoalIOS WatchKit App"
            ReferencedContainer = "container:FilGoalIOS.xcodeproj">
         </BuildableReference>
      </RemoteRunnable>
      <MacroExpansion>
         <BuildableReference
            BuildableIdentifier = "primary"
            BlueprintIdentifier = "6FFD678D1A763D8E0084A14A"
            BuildableName = "FilGoalIOS WatchKit App.app"
            BlueprintName = "FilGoalIOS WatchKit App"
            ReferencedContainer = "container:FilGoalIOS.xcodeproj">
         </BuildableReference>
      </MacroExpansion>
      <AdditionalOptions>
      </AdditionalOptions>
   </LaunchAction>
   <ProfileAction
      shouldUseLaunchSchemeArgsEnv = "YES"
      savedToolIdentifier = ""
      useCustomWorkingDirectory = "NO"
      buildConfiguration = "Release"
      debugDocumentVersioning = "YES">
      <RemoteRunnable
         runnableDebuggingMode = "2"
         BundleIdentifier = "com.apple.springboard"
         RemotePath = "/FilGoalIOS">
         <BuildableReference
            BuildableIdentifier = "primary"
            BlueprintIdentifier = "6FFD678D1A763D8E0084A14A"
            BuildableName = "FilGoalIOS WatchKit App.app"
            BlueprintName = "FilGoalIOS WatchKit App"
            ReferencedContainer = "container:FilGoalIOS.xcodeproj">
         </BuildableReference>
      </RemoteRunnable>
      <MacroExpansion>
         <BuildableReference
            BuildableIdentifier = "primary"
            BlueprintIdentifier = "6FFD678D1A763D8E0084A14A"
            BuildableName = "FilGoalIOS WatchKit App.app"
            BlueprintName = "FilGoalIOS WatchKit App"
            ReferencedContainer = "container:FilGoalIOS.xcodeproj">
         </BuildableReference>
      </MacroExpansion>
   </ProfileAction>
   <AnalyzeAction
      buildConfiguration = "Release">
   </AnalyzeAction>
   <ArchiveAction
      buildConfiguration = "Release"
      revealArchiveInOrganizer = "YES">
   </ArchiveAction>
</Scheme>
