<?xml version="1.0" encoding="UTF-8"?>
<Scheme
   LastUpgradeVersion = "0640"
   wasCreatedForAppExtension = "YES"
   version = "2.0">
   <BuildAction
      parallelizeBuildables = "YES"
      buildImplicitDependencies = "YES">
      <BuildActionEntries>
         <BuildActionEntry
            buildForTesting = "YES"
            buildForRunning = "YES"
            buildForProfiling = "YES"
            buildForArchiving = "YES"
            buildForAnalyzing = "YES">
            <BuildableReference
               BuildableIdentifier = "primary"
               BlueprintIdentifier = "6F4C9EB719F92E460092D4F3"
               BuildableName = "MatchesWidget.appex"
               BlueprintName = "MatchesWidget"
               ReferencedContainer = "container:FilGoalIOS.xcodeproj">
            </BuildableReference>
         </BuildActionEntry>
         <BuildActionEntry
            buildForTesting = "YES"
            buildForRunning = "YES"
            buildForProfiling = "YES"
            buildForArchiving = "YES"
            buildForAnalyzing = "YES">
            <BuildableReference
               BuildableIdentifier = "primary"
               BlueprintIdentifier = "524522CF18F170E200D05ECF"
               BuildableName = "FilGoalIOS.app"
               BlueprintName = "FilGoalIOS"
               ReferencedContainer = "container:FilGoalIOS.xcodeproj">
            </BuildableReference>
         </BuildActionEntry>
         <BuildActionEntry
            buildForTesting = "YES"
            buildForRunning = "YES"
            buildForProfiling = "NO"
            buildForArchiving = "NO"
            buildForAnalyzing = "YES">
            <BuildableReference
               BuildableIdentifier = "primary"
               BlueprintIdentifier = "6F15F2DF1A061684002725F0"
               BuildableName = "MatchesDataKitTests.xctest"
               BlueprintName = "MatchesDataKitTests"
               ReferencedContainer = "container:FilGoalIOS.xcodeproj">
            </BuildableReference>
         </BuildActionEntry>
         <BuildActionEntry
            buildForTesting = "YES"
            buildForRunning = "YES"
            buildForProfiling = "NO"
            buildForArchiving = "NO"
            buildForAnalyzing = "YES">
            <BuildableReference
               BuildableIdentifier = "primary"
               BlueprintIdentifier = "6F15F3111A061E60002725F0"
               BuildableName = "MatchesWidgetKitTests.xctest"
               BlueprintName = "MatchesWidgetKitTests"
               ReferencedContainer = "container:FilGoalIOS.xcodeproj">
            </BuildableReference>
         </BuildActionEntry>
         <BuildActionEntry
            buildForTesting = "YES"
            buildForRunning = "YES"
            buildForProfiling = "NO"
            buildForArchiving = "NO"
            buildForAnalyzing = "YES">
            <BuildableReference
               BuildableIdentifier = "primary"
               BlueprintIdentifier = "6F15F3731A063329002725F0"
               BuildableName = "MatchesWidgetFrameWorkTests.xctest"
               BlueprintName = "MatchesWidgetFrameWorkTests"
               ReferencedContainer = "container:FilGoalIOS.xcodeproj">
            </BuildableReference>
         </BuildActionEntry>
      </BuildActionEntries>
   </BuildAction>
   <TestAction
      selectedDebuggerIdentifier = "Xcode.DebuggerFoundation.Debugger.LLDB"
      selectedLauncherIdentifier = "Xcode.DebuggerFoundation.Launcher.LLDB"
      shouldUseLaunchSchemeArgsEnv = "YES"
      buildConfiguration = "Debug">
      <Testables>
         <TestableReference
            skipped = "NO">
            <BuildableReference
               BuildableIdentifier = "primary"
               BlueprintIdentifier = "6F15F2DF1A061684002725F0"
               BuildableName = "MatchesDataKitTests.xctest"
               BlueprintName = "MatchesDataKitTests"
               ReferencedContainer = "container:FilGoalIOS.xcodeproj">
            </BuildableReference>
         </TestableReference>
         <TestableReference
            skipped = "NO">
            <BuildableReference
               BuildableIdentifier = "primary"
               BlueprintIdentifier = "6F15F3111A061E60002725F0"
               BuildableName = "MatchesWidgetKitTests.xctest"
               BlueprintName = "MatchesWidgetKitTests"
               ReferencedContainer = "container:FilGoalIOS.xcodeproj">
            </BuildableReference>
         </TestableReference>
         <TestableReference
            skipped = "NO">
            <BuildableReference
               BuildableIdentifier = "primary"
               BlueprintIdentifier = "6F15F3731A063329002725F0"
               BuildableName = "MatchesWidgetFrameWorkTests.xctest"
               BlueprintName = "MatchesWidgetFrameWorkTests"
               ReferencedContainer = "container:FilGoalIOS.xcodeproj">
            </BuildableReference>
         </TestableReference>
      </Testables>
      <MacroExpansion>
         <BuildableReference
            BuildableIdentifier = "primary"
            BlueprintIdentifier = "524522CF18F170E200D05ECF"
            BuildableName = "FilGoalIOS.app"
            BlueprintName = "FilGoalIOS"
            ReferencedContainer = "container:FilGoalIOS.xcodeproj">
         </BuildableReference>
      </MacroExpansion>
   </TestAction>
   <LaunchAction
      selectedDebuggerIdentifier = ""
      selectedLauncherIdentifier = "Xcode.IDEFoundation.Launcher.PosixSpawn"
      launchStyle = "0"
      useCustomWorkingDirectory = "NO"
      buildConfiguration = "Debug"
      ignoresPersistentStateOnLaunch = "NO"
      debugDocumentVersioning = "YES"
      allowLocationSimulation = "YES"
      launchAutomaticallySubstyle = "2">
      <MacroExpansion>
         <BuildableReference
            BuildableIdentifier = "primary"
            BlueprintIdentifier = "524522CF18F170E200D05ECF"
            BuildableName = "FilGoalIOS.app"
            BlueprintName = "FilGoalIOS"
            ReferencedContainer = "container:FilGoalIOS.xcodeproj">
         </BuildableReference>
      </MacroExpansion>
      <AdditionalOptions>
      </AdditionalOptions>
      <IDERemoteRunnable
         RemotePath = "/Users/yomna/Library/Developer/CoreSimulator/Devices/BD422367-079E-404B-AB88-7E82D5C4DDD2/data/Containers/Bundle/Application/0F12D256-14D5-4E74-8FDA-0CD87B9968AC/FilGoalIOS.app"
         BundleIdentifier = "/Users/yomna/Library/Developer/CoreSimulator/Devices/BD422367-079E-404B-AB88-7E82D5C4DDD2/data/Containers/Bundle/Application/0F12D256-14D5-4E74-8FDA-0CD87B9968AC/FilGoalIOS.app">
      </IDERemoteRunnable>
   </LaunchAction>
   <ProfileAction
      shouldUseLaunchSchemeArgsEnv = "YES"
      savedToolIdentifier = ""
      useCustomWorkingDirectory = "NO"
      buildConfiguration = "Release"
      debugDocumentVersioning = "YES"
      launchAutomaticallySubstyle = "2">
      <BuildableProductRunnable
         runnableDebuggingMode = "0">
         <BuildableReference
            BuildableIdentifier = "primary"
            BlueprintIdentifier = "524522CF18F170E200D05ECF"
            BuildableName = "FilGoalIOS.app"
            BlueprintName = "FilGoalIOS"
            ReferencedContainer = "container:FilGoalIOS.xcodeproj">
         </BuildableReference>
      </BuildableProductRunnable>
   </ProfileAction>
   <AnalyzeAction
      buildConfiguration = "Debug">
   </AnalyzeAction>
   <ArchiveAction
      buildConfiguration = "Release"
      revealArchiveInOrganizer = "YES">
   </ArchiveAction>
</Scheme>
